
Microsoft Visual Studio Solution File, Format Version 12.00
# Visual Studio Version 17
VisualStudioVersion = 17.1.32328.378
MinimumVisualStudioVersion = 10.0.40219.1
Project("{2150E333-8FDC-42A3-9474-1A3956D46DE8}") = "CleanArch.Application", "CleanArch.Application", "{57340D3D-5575-4FDF-BC3E-F2214907C2EB}"
EndProject
Project("{2150E333-8FDC-42A3-9474-1A3956D46DE8}") = "CleanArch.Domain", "CleanArch.Domain", "{725257B7-675B-4791-9937-00B858340A5F}"
EndProject
Project("{2150E333-8FDC-42A3-9474-1A3956D46DE8}") = "CleanArch.Infra.IOC", "CleanArch.Infra.IOC", "{D4487D62-D9FD-4A75-84EB-2113B6C21ED1}"
EndProject
Project("{2150E333-8FDC-42A3-9474-1A3956D46DE8}") = "CleanArch.Infra.Data", "CleanArch.Infra.Data", "{2EAA40A7-709F-4FBF-B192-E44D574349F6}"
EndProject
Project("{2150E333-8FDC-42A3-9474-1A3956D46DE8}") = "CleanArch.Infra.UI.MVC", "CleanArch.Infra.UI.MVC", "{25F3BF37-4007-4C33-8F35-69CCEC92D71C}"
EndProject
Project("{FAE04EC0-301F-11D3-BF4B-00C04F79EFBC}") = "CleanArch.MVC.UI", "CleanArch.MVC.UI\CleanArch.MVC.UI.csproj", "{BB7267A7-4B1B-4BDD-B7D4-F66B099E4A24}"
EndProject
Project("{FAE04EC0-301F-11D3-BF4B-00C04F79EFBC}") = "CleanArch.Domain", "CleanArch.Doman\CleanArch.Domain.csproj", "{D229B3D9-622E-4706-ABCB-CE4ECB2DF49D}"
EndProject
Project("{FAE04EC0-301F-11D3-BF4B-00C04F79EFBC}") = "CleanArch.Infra.Data", "CleanArch.Infra.Data\CleanArch.Infra.Data.csproj", "{23A15354-61C0-4DB9-A310-766E1A554DD7}"
EndProject
Project("{FAE04EC0-301F-11D3-BF4B-00C04F79EFBC}") = "CleanArch.Application", "CleanArch.Application\CleanArch.Application.csproj", "{A938A8B8-EC62-4598-A846-9938FA7815D3}"
EndProject
Global
	GlobalSection(SolutionConfigurationPlatforms) = preSolution
		Debug|Any CPU = Debug|Any CPU
		Release|Any CPU = Release|Any CPU
	EndGlobalSection
	GlobalSection(ProjectConfigurationPlatforms) = postSolution
		{BB7267A7-4B1B-4BDD-B7D4-F66B099E4A24}.Debug|Any CPU.ActiveCfg = Debug|Any CPU
		{BB7267A7-4B1B-4BDD-B7D4-F66B099E4A24}.Debug|Any CPU.Build.0 = Debug|Any CPU
		{BB7267A7-4B1B-4BDD-B7D4-F66B099E4A24}.Release|Any CPU.ActiveCfg = Release|Any CPU
		{BB7267A7-4B1B-4BDD-B7D4-F66B099E4A24}.Release|Any CPU.Build.0 = Release|Any CPU
		{D229B3D9-622E-4706-ABCB-CE4ECB2DF49D}.Debug|Any CPU.ActiveCfg = Debug|Any CPU
		{D229B3D9-622E-4706-ABCB-CE4ECB2DF49D}.Debug|Any CPU.Build.0 = Debug|Any CPU
		{D229B3D9-622E-4706-ABCB-CE4ECB2DF49D}.Release|Any CPU.ActiveCfg = Release|Any CPU
		{D229B3D9-622E-4706-ABCB-CE4ECB2DF49D}.Release|Any CPU.Build.0 = Release|Any CPU
		{23A15354-61C0-4DB9-A310-766E1A554DD7}.Debug|Any CPU.ActiveCfg = Debug|Any CPU
		{23A15354-61C0-4DB9-A310-766E1A554DD7}.Debug|Any CPU.Build.0 = Debug|Any CPU
		{23A15354-61C0-4DB9-A310-766E1A554DD7}.Release|Any CPU.ActiveCfg = Release|Any CPU
		{23A15354-61C0-4DB9-A310-766E1A554DD7}.Release|Any CPU.Build.0 = Release|Any CPU
		{A938A8B8-EC62-4598-A846-9938FA7815D3}.Debug|Any CPU.ActiveCfg = Debug|Any CPU
		{A938A8B8-EC62-4598-A846-9938FA7815D3}.Debug|Any CPU.Build.0 = Debug|Any CPU
		{A938A8B8-EC62-4598-A846-9938FA7815D3}.Release|Any CPU.ActiveCfg = Release|Any CPU
		{A938A8B8-EC62-4598-A846-9938FA7815D3}.Release|Any CPU.Build.0 = Release|Any CPU
	EndGlobalSection
	GlobalSection(SolutionProperties) = preSolution
		HideSolutionNode = FALSE
	EndGlobalSection
	GlobalSection(NestedProjects) = preSolution
		{BB7267A7-4B1B-4BDD-B7D4-F66B099E4A24} = {25F3BF37-4007-4C33-8F35-69CCEC92D71C}
		{D229B3D9-622E-4706-ABCB-CE4ECB2DF49D} = {725257B7-675B-4791-9937-00B858340A5F}
		{23A15354-61C0-4DB9-A310-766E1A554DD7} = {2EAA40A7-709F-4FBF-B192-E44D574349F6}
		{A938A8B8-EC62-4598-A846-9938FA7815D3} = {57340D3D-5575-4FDF-BC3E-F2214907C2EB}
	EndGlobalSection
	GlobalSection(ExtensibilityGlobals) = postSolution
		SolutionGuid = {0BEB22FB-998C-4CDB-AF9E-BCE33E85060D}
	EndGlobalSection
EndGlobal
